
Microsoft Visual Studio Solution File, Format Version 12.00
# Visual Studio 15
VisualStudioVersion = 15.0.26906.1
MinimumVisualStudioVersion = 10.0.40219.1
Project("{2150E333-8FDC-42A3-9474-1A3956D46DE8}") = "Solution Items", "Solution Items", "{78AFAED8-1018-42E9-8814-8C5A73D36851}"
	ProjectSection(SolutionItems) = preProject
		LICENSE = LICENSE
		Mono.Cecil.license = Mono.Cecil.license
		README.md = README.md
	EndProjectSection
EndProject
Project("{2150E333-8FDC-42A3-9474-1A3956D46DE8}") = "_stylecop", "_stylecop", "{BC844D99-C811-4ED0-8709-379E8D0B882D}"
	ProjectSection(SolutionItems) = preProject
		_stylecop\CustomDictionary.xml = _stylecop\CustomDictionary.xml
		_stylecop\stylecop.json = _stylecop\stylecop.json
		_stylecop\StyleCopeRules.ruleset = _stylecop\StyleCopeRules.ruleset
	EndProjectSection
EndProject
Project("{FAE04EC0-301F-11D3-BF4B-00C04F79EFBC}") = "CrossCutterN.Base", "CrossCutterN.Base\CrossCutterN.Base.csproj", "{F2E3BEB1-3542-4365-A2F5-7B371F64F452}"
EndProject
Project("{FAE04EC0-301F-11D3-BF4B-00C04F79EFBC}") = "CrossCutterN.Aspect", "CrossCutterN.Aspect\CrossCutterN.Aspect.csproj", "{2573D397-35E5-4244-A09A-A7EDF6A630F6}"
EndProject
Project("{FAE04EC0-301F-11D3-BF4B-00C04F79EFBC}") = "CrossCutterN.Weaver", "CrossCutterN.Weaver\CrossCutterN.Weaver.csproj", "{093F8159-311C-48A6-8869-E3163C4D2E31}"
EndProject
Project("{FAE04EC0-301F-11D3-BF4B-00C04F79EFBC}") = "CrossCutterN.Console", "CrossCutterN.Console\CrossCutterN.Console.csproj", "{E5119913-8F67-42EB-93F9-718AC028F302}"
EndProject
Project("{FAE04EC0-301F-11D3-BF4B-00C04F79EFBC}") = "CrossCutterN.Test", "CrossCutterN.Test\CrossCutterN.Test.csproj", "{2AC41541-A551-4D11-BB59-517B690ED864}"
EndProject
Global
	GlobalSection(SolutionConfigurationPlatforms) = preSolution
		Debug|Any CPU = Debug|Any CPU
		Release|Any CPU = Release|Any CPU
	EndGlobalSection
	GlobalSection(ProjectConfigurationPlatforms) = postSolution
		{F2E3BEB1-3542-4365-A2F5-7B371F64F452}.Debug|Any CPU.ActiveCfg = Debug|Any CPU
		{F2E3BEB1-3542-4365-A2F5-7B371F64F452}.Debug|Any CPU.Build.0 = Debug|Any CPU
		{F2E3BEB1-3542-4365-A2F5-7B371F64F452}.Release|Any CPU.ActiveCfg = Release|Any CPU
		{F2E3BEB1-3542-4365-A2F5-7B371F64F452}.Release|Any CPU.Build.0 = Release|Any CPU
		{2573D397-35E5-4244-A09A-A7EDF6A630F6}.Debug|Any CPU.ActiveCfg = Debug|Any CPU
		{2573D397-35E5-4244-A09A-A7EDF6A630F6}.Debug|Any CPU.Build.0 = Debug|Any CPU
		{2573D397-35E5-4244-A09A-A7EDF6A630F6}.Release|Any CPU.ActiveCfg = Release|Any CPU
		{2573D397-35E5-4244-A09A-A7EDF6A630F6}.Release|Any CPU.Build.0 = Release|Any CPU
		{093F8159-311C-48A6-8869-E3163C4D2E31}.Debug|Any CPU.ActiveCfg = Debug|Any CPU
		{093F8159-311C-48A6-8869-E3163C4D2E31}.Debug|Any CPU.Build.0 = Debug|Any CPU
		{093F8159-311C-48A6-8869-E3163C4D2E31}.Release|Any CPU.ActiveCfg = Release|Any CPU
		{093F8159-311C-48A6-8869-E3163C4D2E31}.Release|Any CPU.Build.0 = Release|Any CPU
		{E5119913-8F67-42EB-93F9-718AC028F302}.Debug|Any CPU.ActiveCfg = Debug|Any CPU
		{E5119913-8F67-42EB-93F9-718AC028F302}.Debug|Any CPU.Build.0 = Debug|Any CPU
		{E5119913-8F67-42EB-93F9-718AC028F302}.Release|Any CPU.ActiveCfg = Release|Any CPU
		{E5119913-8F67-42EB-93F9-718AC028F302}.Release|Any CPU.Build.0 = Release|Any CPU
		{2AC41541-A551-4D11-BB59-517B690ED864}.Debug|Any CPU.ActiveCfg = Debug|Any CPU
		{2AC41541-A551-4D11-BB59-517B690ED864}.Debug|Any CPU.Build.0 = Debug|Any CPU
		{2AC41541-A551-4D11-BB59-517B690ED864}.Release|Any CPU.ActiveCfg = Release|Any CPU
		{2AC41541-A551-4D11-BB59-517B690ED864}.Release|Any CPU.Build.0 = Release|Any CPU
	EndGlobalSection
	GlobalSection(SolutionProperties) = preSolution
		HideSolutionNode = FALSE
	EndGlobalSection
	GlobalSection(ExtensibilityGlobals) = postSolution
		SolutionGuid = {653A8FFF-6C6E-49F4-B4FF-9F3E799889D3}
	EndGlobalSection
EndGlobal
